
Microsoft Visual Studio Solution File, Format Version 12.00
# Visual Studio 15
VisualStudioVersion = 15.0.28307.106
MinimumVisualStudioVersion = 10.0.40219.1
Project("{FAE04EC0-301F-11D3-BF4B-00C04F79EFBC}") = "LoopPractice", "LoopPractice\LoopPractice.csproj", "{4D4838CF-AEB8-420F-97C6-163A19DE245D}"
EndProject
Global
	GlobalSection(SolutionConfigurationPlatforms) = preSolution
		Debug|Any CPU = Debug|Any CPU
		Release|Any CPU = Release|Any CPU
	EndGlobalSection
	GlobalSection(ProjectConfigurationPlatforms) = postSolution
		{4D4838CF-AEB8-420F-97C6-163A19DE245D}.Debug|Any CPU.ActiveCfg = Debug|Any CPU
		{4D4838CF-AEB8-420F-97C6-163A19DE245D}.Debug|Any CPU.Build.0 = Debug|Any CPU
		{4D4838CF-AEB8-420F-97C6-163A19DE245D}.Release|Any CPU.ActiveCfg = Release|Any CPU
		{4D4838CF-AEB8-420F-97C6-163A19DE245D}.Release|Any CPU.Build.0 = Release|Any CPU
	EndGlobalSection
	GlobalSection(SolutionProperties) = preSolution
		HideSolutionNode = FALSE
	EndGlobalSection
	GlobalSection(ExtensibilityGlobals) = postSolution
		SolutionGuid = {D041890F-815D-4426-B15E-30CB70B0DF35}
	EndGlobalSection
EndGlobal
