
Microsoft Visual Studio Solution File, Format Version 12.00
# Visual Studio 15
VisualStudioVersion = 15.0.28307.106
MinimumVisualStudioVersion = 10.0.40219.1
Project("{FAE04EC0-301F-11D3-BF4B-00C04F79EFBC}") = "TextTest", "TextTest\TextTest.csproj", "{C80144EB-4967-402C-BA47-F746B7F224AF}"
EndProject
Global
	GlobalSection(SolutionConfigurationPlatforms) = preSolution
		Debug|Any CPU = Debug|Any CPU
		Release|Any CPU = Release|Any CPU
	EndGlobalSection
	GlobalSection(ProjectConfigurationPlatforms) = postSolution
		{C80144EB-4967-402C-BA47-F746B7F224AF}.Debug|Any CPU.ActiveCfg = Debug|Any CPU
		{C80144EB-4967-402C-BA47-F746B7F224AF}.Debug|Any CPU.Build.0 = Debug|Any CPU
		{C80144EB-4967-402C-BA47-F746B7F224AF}.Release|Any CPU.ActiveCfg = Release|Any CPU
		{C80144EB-4967-402C-BA47-F746B7F224AF}.Release|Any CPU.Build.0 = Release|Any CPU
	EndGlobalSection
	GlobalSection(SolutionProperties) = preSolution
		HideSolutionNode = FALSE
	EndGlobalSection
	GlobalSection(ExtensibilityGlobals) = postSolution
		SolutionGuid = {B10B2B0D-05CE-4992-AFB8-37E9E92903C1}
	EndGlobalSection
EndGlobal
