
Microsoft Visual Studio Solution File, Format Version 12.00
# Visual Studio 15
VisualStudioVersion = 15.0.28307.106
MinimumVisualStudioVersion = 10.0.40219.1
Project("{FAE04EC0-301F-11D3-BF4B-00C04F79EFBC}") = "Timing", "Timing\Timing.csproj", "{209187C6-753D-4B7C-AAC7-9D668C09F9CC}"
EndProject
Global
	GlobalSection(SolutionConfigurationPlatforms) = preSolution
		Debug|Any CPU = Debug|Any CPU
		Release|Any CPU = Release|Any CPU
	EndGlobalSection
	GlobalSection(ProjectConfigurationPlatforms) = postSolution
		{209187C6-753D-4B7C-AAC7-9D668C09F9CC}.Debug|Any CPU.ActiveCfg = Debug|Any CPU
		{209187C6-753D-4B7C-AAC7-9D668C09F9CC}.Debug|Any CPU.Build.0 = Debug|Any CPU
		{209187C6-753D-4B7C-AAC7-9D668C09F9CC}.Release|Any CPU.ActiveCfg = Release|Any CPU
		{209187C6-753D-4B7C-AAC7-9D668C09F9CC}.Release|Any CPU.Build.0 = Release|Any CPU
	EndGlobalSection
	GlobalSection(SolutionProperties) = preSolution
		HideSolutionNode = FALSE
	EndGlobalSection
	GlobalSection(ExtensibilityGlobals) = postSolution
		SolutionGuid = {0671FDED-7705-435C-8DEE-6A52EC1CFAE3}
	EndGlobalSection
EndGlobal
