
Microsoft Visual Studio Solution File, Format Version 12.00
# Visual Studio 15
VisualStudioVersion = 15.0.28307.106
MinimumVisualStudioVersion = 10.0.40219.1
Project("{8BC9CEB8-8B4A-11D0-8D11-00A0C91BC942}") = "C++DemonstrationWork", "C++DemonstrationWork\C++DemonstrationWork.vcxproj", "{AF2F0077-5B31-4BBF-8B4A-F638C04CAC15}"
EndProject
Project("{8BC9CEB8-8B4A-11D0-8D11-00A0C91BC942}") = "PointersC++", "PointersC++\PointersC++.vcxproj", "{25604BF5-2B1D-4063-B1C1-DDEA7A6383D4}"
EndProject
Global
	GlobalSection(SolutionConfigurationPlatforms) = preSolution
		Debug|x64 = Debug|x64
		Debug|x86 = Debug|x86
		Release|x64 = Release|x64
		Release|x86 = Release|x86
	EndGlobalSection
	GlobalSection(ProjectConfigurationPlatforms) = postSolution
		{AF2F0077-5B31-4BBF-8B4A-F638C04CAC15}.Debug|x64.ActiveCfg = Debug|x64
		{AF2F0077-5B31-4BBF-8B4A-F638C04CAC15}.Debug|x64.Build.0 = Debug|x64
		{AF2F0077-5B31-4BBF-8B4A-F638C04CAC15}.Debug|x86.ActiveCfg = Debug|Win32
		{AF2F0077-5B31-4BBF-8B4A-F638C04CAC15}.Debug|x86.Build.0 = Debug|Win32
		{AF2F0077-5B31-4BBF-8B4A-F638C04CAC15}.Release|x64.ActiveCfg = Release|x64
		{AF2F0077-5B31-4BBF-8B4A-F638C04CAC15}.Release|x64.Build.0 = Release|x64
		{AF2F0077-5B31-4BBF-8B4A-F638C04CAC15}.Release|x86.ActiveCfg = Release|Win32
		{AF2F0077-5B31-4BBF-8B4A-F638C04CAC15}.Release|x86.Build.0 = Release|Win32
		{25604BF5-2B1D-4063-B1C1-DDEA7A6383D4}.Debug|x64.ActiveCfg = Debug|x64
		{25604BF5-2B1D-4063-B1C1-DDEA7A6383D4}.Debug|x64.Build.0 = Debug|x64
		{25604BF5-2B1D-4063-B1C1-DDEA7A6383D4}.Debug|x86.ActiveCfg = Debug|Win32
		{25604BF5-2B1D-4063-B1C1-DDEA7A6383D4}.Debug|x86.Build.0 = Debug|Win32
		{25604BF5-2B1D-4063-B1C1-DDEA7A6383D4}.Release|x64.ActiveCfg = Release|x64
		{25604BF5-2B1D-4063-B1C1-DDEA7A6383D4}.Release|x64.Build.0 = Release|x64
		{25604BF5-2B1D-4063-B1C1-DDEA7A6383D4}.Release|x86.ActiveCfg = Release|Win32
		{25604BF5-2B1D-4063-B1C1-DDEA7A6383D4}.Release|x86.Build.0 = Release|Win32
	EndGlobalSection
	GlobalSection(SolutionProperties) = preSolution
		HideSolutionNode = FALSE
	EndGlobalSection
	GlobalSection(ExtensibilityGlobals) = postSolution
		SolutionGuid = {9B2EA3EB-C5FE-46B2-B30D-E3EB3F974A18}
	EndGlobalSection
EndGlobal
